{
  "name": "flextech-revisit-objects-and-arrays-exercises",
  "version": "1.0.0",
  "lockfileVersion": 3,
  "requires": true,
  "packages": {
    "": {
      "name": "flextech-revisit-objects-and-arrays-exercises",
      "version": "1.0.0",
      "license": "ISC",
      "devDependencies": {}
    }
  }
}
